
Microsoft Visual Studio Solution File, Format Version 12.00
# Visual Studio Version 17
VisualStudioVersion = 17.3.32929.385
MinimumVisualStudioVersion = 10.0.40219.1
Project("{FAE04EC0-301F-11D3-BF4B-00C04F79EFBC}") = "CSVApplication", "CSVApplication\CSVApplication.csproj", "{794F5E80-81C9-4C7E-891B-B99F18E16181}"
EndProject
Project("{2150E333-8FDC-42A3-9474-1A3956D46DE8}") = "Solution Items", "Solution Items", "{56A8D35A-AA6A-4F3C-AF51-65F4BC38CED8}"
	ProjectSection(SolutionItems) = preProject
		.editorconfig = .editorconfig
	EndProjectSection
EndProject
Global
	GlobalSection(SolutionConfigurationPlatforms) = preSolution
		Debug|Any CPU = Debug|Any CPU
		Release|Any CPU = Release|Any CPU
	EndGlobalSection
	GlobalSection(ProjectConfigurationPlatforms) = postSolution
		{794F5E80-81C9-4C7E-891B-B99F18E16181}.Debug|Any CPU.ActiveCfg = Debug|Any CPU
		{794F5E80-81C9-4C7E-891B-B99F18E16181}.Debug|Any CPU.Build.0 = Debug|Any CPU
		{794F5E80-81C9-4C7E-891B-B99F18E16181}.Release|Any CPU.ActiveCfg = Release|Any CPU
		{794F5E80-81C9-4C7E-891B-B99F18E16181}.Release|Any CPU.Build.0 = Release|Any CPU
	EndGlobalSection
	GlobalSection(SolutionProperties) = preSolution
		HideSolutionNode = FALSE
	EndGlobalSection
	GlobalSection(ExtensibilityGlobals) = postSolution
		SolutionGuid = {7FC4DC16-1D3C-4D58-8716-B6B5BF1945EF}
	EndGlobalSection
EndGlobal
